// !$*UTF8*$!
{
	archiveVersion = 1;
	classes = {
	};
	objectVersion = 56;
	objects = {

/* Begin PBXBuildFile section */
		C3524A1729C5CD5400A8F1DE /* AppDelegate.swift in Sources */ = {isa = PBXBuildFile; fileRef = C3524A1629C5CD5400A8F1DE /* AppDelegate.swift */; };
		C3524A1929C5CD5400A8F1DE /* SceneDelegate.swift in Sources */ = {isa = PBXBuildFile; fileRef = C3524A1829C5CD5400A8F1DE /* SceneDelegate.swift */; };
		C3524A1B29C5CD5400A8F1DE /* ViewController.swift in Sources */ = {isa = PBXBuildFile; fileRef = C3524A1A29C5CD5400A8F1DE /* ViewController.swift */; };
		C3524A1E29C5CD5400A8F1DE /* Main.storyboard in Resources */ = {isa = PBXBuildFile; fileRef = C3524A1C29C5CD5400A8F1DE /* Main.storyboard */; };
		C3524A2029C5CD5600A8F1DE /* Assets.xcassets in Resources */ = {isa = PBXBuildFile; fileRef = C3524A1F29C5CD5600A8F1DE /* Assets.xcassets */; };
		C3524A2329C5CD5600A8F1DE /* LaunchScreen.storyboard in Resources */ = {isa = PBXBuildFile; fileRef = C3524A2129C5CD5600A8F1DE /* LaunchScreen.storyboard */; };
		C3524A2E29C5CD5600A8F1DE /* TabBarTests.swift in Sources */ = {isa = PBXBuildFile; fileRef = C3524A2D29C5CD5600A8F1DE /* TabBarTests.swift */; };
		C3524A3829C5CD5600A8F1DE /* TabBarUITests.swift in Sources */ = {isa = PBXBuildFile; fileRef = C3524A3729C5CD5600A8F1DE /* TabBarUITests.swift */; };
		C3524A3A29C5CD5600A8F1DE /* TabBarUITestsLaunchTests.swift in Sources */ = {isa = PBXBuildFile; fileRef = C3524A3929C5CD5600A8F1DE /* TabBarUITestsLaunchTests.swift */; };
		C3524A4729C5F03000A8F1DE /* ViewControllerİş.swift in Sources */ = {isa = PBXBuildFile; fileRef = C3524A4629C5F03000A8F1DE /* ViewControllerİş.swift */; };
/* End PBXBuildFile section */

/* Begin PBXContainerItemProxy section */
		C3524A2A29C5CD5600A8F1DE /* PBXContainerItemProxy */ = {
			isa = PBXContainerItemProxy;
			containerPortal = C3524A0B29C5CD5400A8F1DE /* Project object */;
			proxyType = 1;
			remoteGlobalIDString = C3524A1229C5CD5400A8F1DE;
			remoteInfo = TabBar;
		};
		C3524A3429C5CD5600A8F1DE /* PBXContainerItemProxy */ = {
			isa = PBXContainerItemProxy;
			containerPortal = C3524A0B29C5CD5400A8F1DE /* Project object */;
			proxyType = 1;
			remoteGlobalIDString = C3524A1229C5CD5400A8F1DE;
			remoteInfo = TabBar;
		};
/* End PBXContainerItemProxy section */

/* Begin PBXFileReference section */
		C3524A1329C5CD5400A8F1DE /* TabBar.app */ = {isa = PBXFileReference; explicitFileType = wrapper.application; includeInIndex = 0; path = TabBar.app; sourceTree = BUILT_PRODUCTS_DIR; };
		C3524A1629C5CD5400A8F1DE /* AppDelegate.swift */ = {isa = PBXFileReference; lastKnownFileType = sourcecode.swift; path = AppDelegate.swift; sourceTree = "<group>"; };
		C3524A1829C5CD5400A8F1DE /* SceneDelegate.swift */ = {isa = PBXFileReference; lastKnownFileType = sourcecode.swift; path = SceneDelegate.swift; sourceTree = "<group>"; };
		C3524A1A29C5CD5400A8F1DE /* ViewController.swift */ = {isa = PBXFileReference; lastKnownFileType = sourcecode.swift; path = ViewController.swift; sourceTree = "<group>"; };
		C3524A1D29C5CD5400A8F1DE /* Base */ = {isa = PBXFileReference; lastKnownFileType = file.storyboard; name = Base; path = Base.lproj/Main.storyboard; sourceTree = "<group>"; };
		C3524A1F29C5CD5600A8F1DE /* Assets.xcassets */ = {isa = PBXFileReference; lastKnownFileType = folder.assetcatalog; path = Assets.xcassets; sourceTree = "<group>"; };
		C3524A2229C5CD5600A8F1DE /* Base */ = {isa = PBXFileReference; lastKnownFileType = file.storyboard; name = Base; path = Base.lproj/LaunchScreen.storyboard; sourceTree = "<group>"; };
		C3524A2429C5CD5600A8F1DE /* Info.plist */ = {isa = PBXFileReference; lastKnownFileType = text.plist.xml; path = Info.plist; sourceTree = "<group>"; };
		C3524A2929C5CD5600A8F1DE /* TabBarTests.xctest */ = {isa = PBXFileReference; explicitFileType = wrapper.cfbundle; includeInIndex = 0; path = TabBarTests.xctest; sourceTree = BUILT_PRODUCTS_DIR; };
		C3524A2D29C5CD5600A8F1DE /* TabBarTests.swift */ = {isa = PBXFileReference; lastKnownFileType = sourcecode.swift; path = TabBarTests.swift; sourceTree = "<group>"; };
		C3524A3329C5CD5600A8F1DE /* TabBarUITests.xctest */ = {isa = PBXFileReference; explicitFileType = wrapper.cfbundle; includeInIndex = 0; path = TabBarUITests.xctest; sourceTree = BUILT_PRODUCTS_DIR; };
		C3524A3729C5CD5600A8F1DE /* TabBarUITests.swift */ = {isa = PBXFileReference; lastKnownFileType = sourcecode.swift; path = TabBarUITests.swift; sourceTree = "<group>"; };
		C3524A3929C5CD5600A8F1DE /* TabBarUITestsLaunchTests.swift */ = {isa = PBXFileReference; lastKnownFileType = sourcecode.swift; path = TabBarUITestsLaunchTests.swift; sourceTree = "<group>"; };
		C3524A4629C5F03000A8F1DE /* ViewControllerİş.swift */ = {isa = PBXFileReference; lastKnownFileType = sourcecode.swift; path = "ViewControllerİş.swift"; sourceTree = "<group>"; };
/* End PBXFileReference section */

/* Begin PBXFrameworksBuildPhase section */
		C3524A1029C5CD5400A8F1DE /* Frameworks */ = {
			isa = PBXFrameworksBuildPhase;
			buildActionMask = 2147483647;
			files = (
			);
			runOnlyForDeploymentPostprocessing = 0;
		};
		C3524A2629C5CD5600A8F1DE /* Frameworks */ = {
			isa = PBXFrameworksBuildPhase;
			buildActionMask = 2147483647;
			files = (
			);
			runOnlyForDeploymentPostprocessing = 0;
		};
		C3524A3029C5CD5600A8F1DE /* Frameworks */ = {
			isa = PBXFrameworksBuildPhase;
			buildActionMask = 2147483647;
			files = (
			);
			runOnlyForDeploymentPostprocessing = 0;
		};
/* End PBXFrameworksBuildPhase section */

/* Begin PBXGroup section */
		C3524A0A29C5CD5400A8F1DE = {
			isa = PBXGroup;
			children = (
				C3524A1529C5CD5400A8F1DE /* TabBar */,
				C3524A2C29C5CD5600A8F1DE /* TabBarTests */,
				C3524A3629C5CD5600A8F1DE /* TabBarUITests */,
				C3524A1429C5CD5400A8F1DE /* Products */,
			);
			sourceTree = "<group>";
		};
		C3524A1429C5CD5400A8F1DE /* Products */ = {
			isa = PBXGroup;
			children = (
				C3524A1329C5CD5400A8F1DE /* TabBar.app */,
				C3524A2929C5CD5600A8F1DE /* TabBarTests.xctest */,
				C3524A3329C5CD5600A8F1DE /* TabBarUITests.xctest */,
			);
			name = Products;
			sourceTree = "<group>";
		};
		C3524A1529C5CD5400A8F1DE /* TabBar */ = {
			isa = PBXGroup;
			children = (
				C3524A1629C5CD5400A8F1DE /* AppDelegate.swift */,
				C3524A1829C5CD5400A8F1DE /* SceneDelegate.swift */,
				C3524A1A29C5CD5400A8F1DE /* ViewController.swift */,
				C3524A1C29C5CD5400A8F1DE /* Main.storyboard */,
				C3524A1F29C5CD5600A8F1DE /* Assets.xcassets */,
				C3524A2129C5CD5600A8F1DE /* LaunchScreen.storyboard */,
				C3524A2429C5CD5600A8F1DE /* Info.plist */,
				C3524A4629C5F03000A8F1DE /* ViewControllerİş.swift */,
			);
			path = TabBar;
			sourceTree = "<group>";
		};
		C3524A2C29C5CD5600A8F1DE /* TabBarTests */ = {
			isa = PBXGroup;
			children = (
				C3524A2D29C5CD5600A8F1DE /* TabBarTests.swift */,
			);
			path = TabBarTests;
			sourceTree = "<group>";
		};
		C3524A3629C5CD5600A8F1DE /* TabBarUITests */ = {
			isa = PBXGroup;
			children = (
				C3524A3729C5CD5600A8F1DE /* TabBarUITests.swift */,
				C3524A3929C5CD5600A8F1DE /* TabBarUITestsLaunchTests.swift */,
			);
			path = TabBarUITests;
			sourceTree = "<group>";
		};
/* End PBXGroup section */

/* Begin PBXNativeTarget section */
		C3524A1229C5CD5400A8F1DE /* TabBar */ = {
			isa = PBXNativeTarget;
			buildConfigurationList = C3524A3D29C5CD5600A8F1DE /* Build configuration list for PBXNativeTarget "TabBar" */;
			buildPhases = (
				C3524A0F29C5CD5400A8F1DE /* Sources */,
				C3524A1029C5CD5400A8F1DE /* Frameworks */,
				C3524A1129C5CD5400A8F1DE /* Resources */,
			);
			buildRules = (
			);
			dependencies = (
			);
			name = TabBar;
			productName = TabBar;
			productReference = C3524A1329C5CD5400A8F1DE /* TabBar.app */;
			productType = "com.apple.product-type.application";
		};
		C3524A2829C5CD5600A8F1DE /* TabBarTests */ = {
			isa = PBXNativeTarget;
			buildConfigurationList = C3524A4029C5CD5600A8F1DE /* Build configuration list for PBXNativeTarget "TabBarTests" */;
			buildPhases = (
				C3524A2529C5CD5600A8F1DE /* Sources */,
				C3524A2629C5CD5600A8F1DE /* Frameworks */,
				C3524A2729C5CD5600A8F1DE /* Resources */,
			);
			buildRules = (
			);
			dependencies = (
				C3524A2B29C5CD5600A8F1DE /* PBXTargetDependency */,
			);
			name = TabBarTests;
			productName = TabBarTests;
			productReference = C3524A2929C5CD5600A8F1DE /* TabBarTests.xctest */;
			productType = "com.apple.product-type.bundle.unit-test";
		};
		C3524A3229C5CD5600A8F1DE /* TabBarUITests */ = {
			isa = PBXNativeTarget;
			buildConfigurationList = C3524A4329C5CD5600A8F1DE /* Build configuration list for PBXNativeTarget "TabBarUITests" */;
			buildPhases = (
				C3524A2F29C5CD5600A8F1DE /* Sources */,
				C3524A3029C5CD5600A8F1DE /* Frameworks */,
				C3524A3129C5CD5600A8F1DE /* Resources */,
			);
			buildRules = (
			);
			dependencies = (
				C3524A3529C5CD5600A8F1DE /* PBXTargetDependency */,
			);
			name = TabBarUITests;
			productName = TabBarUITests;
			productReference = C3524A3329C5CD5600A8F1DE /* TabBarUITests.xctest */;
			productType = "com.apple.product-type.bundle.ui-testing";
		};
/* End PBXNativeTarget section */

/* Begin PBXProject section */
		C3524A0B29C5CD5400A8F1DE /* Project object */ = {
			isa = PBXProject;
			attributes = {
				BuildIndependentTargetsInParallel = 1;
				LastSwiftUpdateCheck = 1420;
				LastUpgradeCheck = 1420;
				TargetAttributes = {
					C3524A1229C5CD5400A8F1DE = {
						CreatedOnToolsVersion = 14.2;
					};
					C3524A2829C5CD5600A8F1DE = {
						CreatedOnToolsVersion = 14.2;
						TestTargetID = C3524A1229C5CD5400A8F1DE;
					};
					C3524A3229C5CD5600A8F1DE = {
						CreatedOnToolsVersion = 14.2;
						TestTargetID = C3524A1229C5CD5400A8F1DE;
					};
				};
			};
			buildConfigurationList = C3524A0E29C5CD5400A8F1DE /* Build configuration list for PBXProject "TabBar" */;
			compatibilityVersion = "Xcode 14.0";
			developmentRegion = en;
			hasScannedForEncodings = 0;
			knownRegions = (
				en,
				Base,
			);
			mainGroup = C3524A0A29C5CD5400A8F1DE;
			productRefGroup = C3524A1429C5CD5400A8F1DE /* Products */;
			projectDirPath = "";
			projectRoot = "";
			targets = (
				C3524A1229C5CD5400A8F1DE /* TabBar */,
				C3524A2829C5CD5600A8F1DE /* TabBarTests */,
				C3524A3229C5CD5600A8F1DE /* TabBarUITests */,
			);
		};
/* End PBXProject section */

/* Begin PBXResourcesBuildPhase section */
		C3524A1129C5CD5400A8F1DE /* Resources */ = {
			isa = PBXResourcesBuildPhase;
			buildActionMask = 2147483647;
			files = (
				C3524A2329C5CD5600A8F1DE /* LaunchScreen.storyboard in Resources */,
				C3524A2029C5CD5600A8F1DE /* Assets.xcassets in Resources */,
				C3524A1E29C5CD5400A8F1DE /* Main.storyboard in Resources */,
			);
			runOnlyForDeploymentPostprocessing = 0;
		};
		C3524A2729C5CD5600A8F1DE /* Resources */ = {
			isa = PBXResourcesBuildPhase;
			buildActionMask = 2147483647;
			files = (
			);
			runOnlyForDeploymentPostprocessing = 0;
		};
		C3524A3129C5CD5600A8F1DE /* Resources */ = {
			isa = PBXResourcesBuildPhase;
			buildActionMask = 2147483647;
			files = (
			);
			runOnlyForDeploymentPostprocessing = 0;
		};
/* End PBXResourcesBuildPhase section */

/* Begin PBXSourcesBuildPhase section */
		C3524A0F29C5CD5400A8F1DE /* Sources */ = {
			isa = PBXSourcesBuildPhase;
			buildActionMask = 2147483647;
			files = (
				C3524A4729C5F03000A8F1DE /* ViewControllerİş.swift in Sources */,
				C3524A1B29C5CD5400A8F1DE /* ViewController.swift in Sources */,
				C3524A1729C5CD5400A8F1DE /* AppDelegate.swift in Sources */,
				C3524A1929C5CD5400A8F1DE /* SceneDelegate.swift in Sources */,
			);
			runOnlyForDeploymentPostprocessing = 0;
		};
		C3524A2529C5CD5600A8F1DE /* Sources */ = {
			isa = PBXSourcesBuildPhase;
			buildActionMask = 2147483647;
			files = (
				C3524A2E29C5CD5600A8F1DE /* TabBarTests.swift in Sources */,
			);
			runOnlyForDeploymentPostprocessing = 0;
		};
		C3524A2F29C5CD5600A8F1DE /* Sources */ = {
			isa = PBXSourcesBuildPhase;
			buildActionMask = 2147483647;
			files = (
				C3524A3A29C5CD5600A8F1DE /* TabBarUITestsLaunchTests.swift in Sources */,
				C3524A3829C5CD5600A8F1DE /* TabBarUITests.swift in Sources */,
			);
			runOnlyForDeploymentPostprocessing = 0;
		};
/* End PBXSourcesBuildPhase section */

/* Begin PBXTargetDependency section */
		C3524A2B29C5CD5600A8F1DE /* PBXTargetDependency */ = {
			isa = PBXTargetDependency;
			target = C3524A1229C5CD5400A8F1DE /* TabBar */;
			targetProxy = C3524A2A29C5CD5600A8F1DE /* PBXContainerItemProxy */;
		};
		C3524A3529C5CD5600A8F1DE /* PBXTargetDependency */ = {
			isa = PBXTargetDependency;
			target = C3524A1229C5CD5400A8F1DE /* TabBar */;
			targetProxy = C3524A3429C5CD5600A8F1DE /* PBXContainerItemProxy */;
		};
/* End PBXTargetDependency section */

/* Begin PBXVariantGroup section */
		C3524A1C29C5CD5400A8F1DE /* Main.storyboard */ = {
			isa = PBXVariantGroup;
			children = (
				C3524A1D29C5CD5400A8F1DE /* Base */,
			);
			name = Main.storyboard;
			sourceTree = "<group>";
		};
		C3524A2129C5CD5600A8F1DE /* LaunchScreen.storyboard */ = {
			isa = PBXVariantGroup;
			children = (
				C3524A2229C5CD5600A8F1DE /* Base */,
			);
			name = LaunchScreen.storyboard;
			sourceTree = "<group>";
		};
/* End PBXVariantGroup section */

/* Begin XCBuildConfiguration section */
		C3524A3B29C5CD5600A8F1DE /* Debug */ = {
			isa = XCBuildConfiguration;
			buildSettings = {
				ALWAYS_SEARCH_USER_PATHS = NO;
				CLANG_ANALYZER_NONNULL = YES;
				CLANG_ANALYZER_NUMBER_OBJECT_CONVERSION = YES_AGGRESSIVE;
				CLANG_CXX_LANGUAGE_STANDARD = "gnu++20";
				CLANG_ENABLE_MODULES = YES;
				CLANG_ENABLE_OBJC_ARC = YES;
				CLANG_ENABLE_OBJC_WEAK = YES;
				CLANG_WARN_BLOCK_CAPTURE_AUTORELEASING = YES;
				CLANG_WARN_BOOL_CONVERSION = YES;
				CLANG_WARN_COMMA = YES;
				CLANG_WARN_CONSTANT_CONVERSION = YES;
				CLANG_WARN_DEPRECATED_OBJC_IMPLEMENTATIONS = YES;
				CLANG_WARN_DIRECT_OBJC_ISA_USAGE = YES_ERROR;
				CLANG_WARN_DOCUMENTATION_COMMENTS = YES;
				CLANG_WARN_EMPTY_BODY = YES;
				CLANG_WARN_ENUM_CONVERSION = YES;
				CLANG_WARN_INFINITE_RECURSION = YES;
				CLANG_WARN_INT_CONVERSION = YES;
				CLANG_WARN_NON_LITERAL_NULL_CONVERSION = YES;
				CLANG_WARN_OBJC_IMPLICIT_RETAIN_SELF = YES;
				CLANG_WARN_OBJC_LITERAL_CONVERSION = YES;
				CLANG_WARN_OBJC_ROOT_CLASS = YES_ERROR;
				CLANG_WARN_QUOTED_INCLUDE_IN_FRAMEWORK_HEADER = YES;
				CLANG_WARN_RANGE_LOOP_ANALYSIS = YES;
				CLANG_WARN_STRICT_PROTOTYPES = YES;
				CLANG_WARN_SUSPICIOUS_MOVE = YES;
				CLANG_WARN_UNGUARDED_AVAILABILITY = YES_AGGRESSIVE;
				CLANG_WARN_UNREACHABLE_CODE = YES;
				CLANG_WARN__DUPLICATE_METHOD_MATCH = YES;
				COPY_PHASE_STRIP = NO;
				DEBUG_INFORMATION_FORMAT = dwarf;
				ENABLE_STRICT_OBJC_MSGSEND = YES;
				ENABLE_TESTABILITY = YES;
				GCC_C_LANGUAGE_STANDARD = gnu11;
				GCC_DYNAMIC_NO_PIC = NO;
				GCC_NO_COMMON_BLOCKS = YES;
				GCC_OPTIMIZATION_LEVEL = 0;
				GCC_PREPROCESSOR_DEFINITIONS = (
					"DEBUG=1",
					"$(inherited)",
				);
				GCC_WARN_64_TO_32_BIT_CONVERSION = YES;
				GCC_WARN_ABOUT_RETURN_TYPE = YES_ERROR;
				GCC_WARN_UNDECLARED_SELECTOR = YES;
				GCC_WARN_UNINITIALIZED_AUTOS = YES_AGGRESSIVE;
				GCC_WARN_UNUSED_FUNCTION = YES;
				GCC_WARN_UNUSED_VARIABLE = YES;
				IPHONEOS_DEPLOYMENT_TARGET = 16.2;
				MTL_ENABLE_DEBUG_INFO = INCLUDE_SOURCE;
				MTL_FAST_MATH = YES;
				ONLY_ACTIVE_ARCH = YES;
				SDKROOT = iphoneos;
				SWIFT_ACTIVE_COMPILATION_CONDITIONS = DEBUG;
				SWIFT_OPTIMIZATION_LEVEL = "-Onone";
			};
			name = Debug;
		};
		C3524A3C29C5CD5600A8F1DE /* Release */ = {
			isa = XCBuildConfiguration;
			buildSettings = {
				ALWAYS_SEARCH_USER_PATHS = NO;
				CLANG_ANALYZER_NONNULL = YES;
				CLANG_ANALYZER_NUMBER_OBJECT_CONVERSION = YES_AGGRESSIVE;
				CLANG_CXX_LANGUAGE_STANDARD = "gnu++20";
				CLANG_ENABLE_MODULES = YES;
				CLANG_ENABLE_OBJC_ARC = YES;
				CLANG_ENABLE_OBJC_WEAK = YES;
				CLANG_WARN_BLOCK_CAPTURE_AUTORELEASING = YES;
				CLANG_WARN_BOOL_CONVERSION = YES;
				CLANG_WARN_COMMA = YES;
				CLANG_WARN_CONSTANT_CONVERSION = YES;
				CLANG_WARN_DEPRECATED_OBJC_IMPLEMENTATIONS = YES;
				CLANG_WARN_DIRECT_OBJC_ISA_USAGE = YES_ERROR;
				CLANG_WARN_DOCUMENTATION_COMMENTS = YES;
				CLANG_WARN_EMPTY_BODY = YES;
				CLANG_WARN_ENUM_CONVERSION = YES;
				CLANG_WARN_INFINITE_RECURSION = YES;
				CLANG_WARN_INT_CONVERSION = YES;
				CLANG_WARN_NON_LITERAL_NULL_CONVERSION = YES;
				CLANG_WARN_OBJC_IMPLICIT_RETAIN_SELF = YES;
				CLANG_WARN_OBJC_LITERAL_CONVERSION = YES;
				CLANG_WARN_OBJC_ROOT_CLASS = YES_ERROR;
				CLANG_WARN_QUOTED_INCLUDE_IN_FRAMEWORK_HEADER = YES;
				CLANG_WARN_RANGE_LOOP_ANALYSIS = YES;
				CLANG_WARN_STRICT_PROTOTYPES = YES;
				CLANG_WARN_SUSPICIOUS_MOVE = YES;
				CLANG_WARN_UNGUARDED_AVAILABILITY = YES_AGGRESSIVE;
				CLANG_WARN_UNREACHABLE_CODE = YES;
				CLANG_WARN__DUPLICATE_METHOD_MATCH = YES;
				COPY_PHASE_STRIP = NO;
				DEBUG_INFORMATION_FORMAT = "dwarf-with-dsym";
				ENABLE_NS_ASSERTIONS = NO;
				ENABLE_STRICT_OBJC_MSGSEND = YES;
				GCC_C_LANGUAGE_STANDARD = gnu11;
				GCC_NO_COMMON_BLOCKS = YES;
				GCC_WARN_64_TO_32_BIT_CONVERSION = YES;
				GCC_WARN_ABOUT_RETURN_TYPE = YES_ERROR;
				GCC_WARN_UNDECLARED_SELECTOR = YES;
				GCC_WARN_UNINITIALIZED_AUTOS = YES_AGGRESSIVE;
				GCC_WARN_UNUSED_FUNCTION = YES;
				GCC_WARN_UNUSED_VARIABLE = YES;
				IPHONEOS_DEPLOYMENT_TARGET = 16.2;
				MTL_ENABLE_DEBUG_INFO = NO;
				MTL_FAST_MATH = YES;
				SDKROOT = iphoneos;
				SWIFT_COMPILATION_MODE = wholemodule;
				SWIFT_OPTIMIZATION_LEVEL = "-O";
				VALIDATE_PRODUCT = YES;
			};
			name = Release;
		};
		C3524A3E29C5CD5600A8F1DE /* Debug */ = {
			isa = XCBuildConfiguration;
			buildSettings = {
				ASSETCATALOG_COMPILER_APPICON_NAME = AppIcon;
				ASSETCATALOG_COMPILER_GLOBAL_ACCENT_COLOR_NAME = AccentColor;
				CODE_SIGN_STYLE = Automatic;
				CURRENT_PROJECT_VERSION = 1;
				DEVELOPMENT_TEAM = ABBGB3BP6H;
				GENERATE_INFOPLIST_FILE = YES;
				INFOPLIST_FILE = TabBar/Info.plist;
				INFOPLIST_KEY_UIApplicationSupportsIndirectInputEvents = YES;
				INFOPLIST_KEY_UILaunchStoryboardName = LaunchScreen;
				INFOPLIST_KEY_UIMainStoryboardFile = Main;
				INFOPLIST_KEY_UISupportedInterfaceOrientations_iPad = "UIInterfaceOrientationPortrait UIInterfaceOrientationPortraitUpsideDown UIInterfaceOrientationLandscapeLeft UIInterfaceOrientationLandscapeRight";
				INFOPLIST_KEY_UISupportedInterfaceOrientations_iPhone = "UIInterfaceOrientationPortrait UIInterfaceOrientationLandscapeLeft UIInterfaceOrientationLandscapeRight";
				LD_RUNPATH_SEARCH_PATHS = (
					"$(inherited)",
					"@executable_path/Frameworks",
				);
				MARKETING_VERSION = 1.0;
				PRODUCT_BUNDLE_IDENTIFIER = swift.TabBar;
				PRODUCT_NAME = "$(TARGET_NAME)";
				SWIFT_EMIT_LOC_STRINGS = YES;
				SWIFT_VERSION = 5.0;
				TARGETED_DEVICE_FAMILY = "1,2";
			};
			name = Debug;
		};
		C3524A3F29C5CD5600A8F1DE /* Release */ = {
			isa = XCBuildConfiguration;
			buildSettings = {
				ASSETCATALOG_COMPILER_APPICON_NAME = AppIcon;
				ASSETCATALOG_COMPILER_GLOBAL_ACCENT_COLOR_NAME = AccentColor;
				CODE_SIGN_STYLE = Automatic;
				CURRENT_PROJECT_VERSION = 1;
				DEVELOPMENT_TEAM = ABBGB3BP6H;
				GENERATE_INFOPLIST_FILE = YES;
				INFOPLIST_FILE = TabBar/Info.plist;
				INFOPLIST_KEY_UIApplicationSupportsIndirectInputEvents = YES;
				INFOPLIST_KEY_UILaunchStoryboardName = LaunchScreen;
				INFOPLIST_KEY_UIMainStoryboardFile = Main;
				INFOPLIST_KEY_UISupportedInterfaceOrientations_iPad = "UIInterfaceOrientationPortrait UIInterfaceOrientationPortraitUpsideDown UIInterfaceOrientationLandscapeLeft UIInterfaceOrientationLandscapeRight";
				INFOPLIST_KEY_UISupportedInterfaceOrientations_iPhone = "UIInterfaceOrientationPortrait UIInterfaceOrientationLandscapeLeft UIInterfaceOrientationLandscapeRight";
				LD_RUNPATH_SEARCH_PATHS = (
					"$(inherited)",
					"@executable_path/Frameworks",
				);
				MARKETING_VERSION = 1.0;
				PRODUCT_BUNDLE_IDENTIFIER = swift.TabBar;
				PRODUCT_NAME = "$(TARGET_NAME)";
				SWIFT_EMIT_LOC_STRINGS = YES;
				SWIFT_VERSION = 5.0;
				TARGETED_DEVICE_FAMILY = "1,2";
			};
			name = Release;
		};
		C3524A4129C5CD5600A8F1DE /* Debug */ = {
			isa = XCBuildConfiguration;
			buildSettings = {
				ALWAYS_EMBED_SWIFT_STANDARD_LIBRARIES = YES;
				BUNDLE_LOADER = "$(TEST_HOST)";
				CODE_SIGN_STYLE = Automatic;
				CURRENT_PROJECT_VERSION = 1;
				DEVELOPMENT_TEAM = ABBGB3BP6H;
				GENERATE_INFOPLIST_FILE = YES;
				IPHONEOS_DEPLOYMENT_TARGET = 16.2;
				MARKETING_VERSION = 1.0;
				PRODUCT_BUNDLE_IDENTIFIER = swift.TabBarTests;
				PRODUCT_NAME = "$(TARGET_NAME)";
				SWIFT_EMIT_LOC_STRINGS = NO;
				SWIFT_VERSION = 5.0;
				TARGETED_DEVICE_FAMILY = "1,2";
				TEST_HOST = "$(BUILT_PRODUCTS_DIR)/TabBar.app/$(BUNDLE_EXECUTABLE_FOLDER_PATH)/TabBar";
			};
			name = Debug;
		};
		C3524A4229C5CD5600A8F1DE /* Release */ = {
			isa = XCBuildConfiguration;
			buildSettings = {
				ALWAYS_EMBED_SWIFT_STANDARD_LIBRARIES = YES;
				BUNDLE_LOADER = "$(TEST_HOST)";
				CODE_SIGN_STYLE = Automatic;
				CURRENT_PROJECT_VERSION = 1;
				DEVELOPMENT_TEAM = ABBGB3BP6H;
				GENERATE_INFOPLIST_FILE = YES;
				IPHONEOS_DEPLOYMENT_TARGET = 16.2;
				MARKETING_VERSION = 1.0;
				PRODUCT_BUNDLE_IDENTIFIER = swift.TabBarTests;
				PRODUCT_NAME = "$(TARGET_NAME)";
				SWIFT_EMIT_LOC_STRINGS = NO;
				SWIFT_VERSION = 5.0;
				TARGETED_DEVICE_FAMILY = "1,2";
				TEST_HOST = "$(BUILT_PRODUCTS_DIR)/TabBar.app/$(BUNDLE_EXECUTABLE_FOLDER_PATH)/TabBar";
			};
			name = Release;
		};
		C3524A4429C5CD5600A8F1DE /* Debug */ = {
			isa = XCBuildConfiguration;
			buildSettings = {
				ALWAYS_EMBED_SWIFT_STANDARD_LIBRARIES = YES;
				CODE_SIGN_STYLE = Automatic;
				CURRENT_PROJECT_VERSION = 1;
				DEVELOPMENT_TEAM = ABBGB3BP6H;
				GENERATE_INFOPLIST_FILE = YES;
				MARKETING_VERSION = 1.0;
				PRODUCT_BUNDLE_IDENTIFIER = swift.TabBarUITests;
				PRODUCT_NAME = "$(TARGET_NAME)";
				SWIFT_EMIT_LOC_STRINGS = NO;
				SWIFT_VERSION = 5.0;
				TARGETED_DEVICE_FAMILY = "1,2";
				TEST_TARGET_NAME = TabBar;
			};
			name = Debug;
		};
		C3524A4529C5CD5600A8F1DE /* Release */ = {
			isa = XCBuildConfiguration;
			buildSettings = {
				ALWAYS_EMBED_SWIFT_STANDARD_LIBRARIES = YES;
				CODE_SIGN_STYLE = Automatic;
				CURRENT_PROJECT_VERSION = 1;
				DEVELOPMENT_TEAM = ABBGB3BP6H;
				GENERATE_INFOPLIST_FILE = YES;
				MARKETING_VERSION = 1.0;
				PRODUCT_BUNDLE_IDENTIFIER = swift.TabBarUITests;
				PRODUCT_NAME = "$(TARGET_NAME)";
				SWIFT_EMIT_LOC_STRINGS = NO;
				SWIFT_VERSION = 5.0;
				TARGETED_DEVICE_FAMILY = "1,2";
				TEST_TARGET_NAME = TabBar;
			};
			name = Release;
		};
/* End XCBuildConfiguration section */

/* Begin XCConfigurationList section */
		C3524A0E29C5CD5400A8F1DE /* Build configuration list for PBXProject "TabBar" */ = {
			isa = XCConfigurationList;
			buildConfigurations = (
				C3524A3B29C5CD5600A8F1DE /* Debug */,
				C3524A3C29C5CD5600A8F1DE /* Release */,
			);
			defaultConfigurationIsVisible = 0;
			defaultConfigurationName = Release;
		};
		C3524A3D29C5CD5600A8F1DE /* Build configuration list for PBXNativeTarget "TabBar" */ = {
			isa = XCConfigurationList;
			buildConfigurations = (
				C3524A3E29C5CD5600A8F1DE /* Debug */,
				C3524A3F29C5CD5600A8F1DE /* Release */,
			);
			defaultConfigurationIsVisible = 0;
			defaultConfigurationName = Release;
		};
		C3524A4029C5CD5600A8F1DE /* Build configuration list for PBXNativeTarget "TabBarTests" */ = {
			isa = XCConfigurationList;
			buildConfigurations = (
				C3524A4129C5CD5600A8F1DE /* Debug */,
				C3524A4229C5CD5600A8F1DE /* Release */,
			);
			defaultConfigurationIsVisible = 0;
			defaultConfigurationName = Release;
		};
		C3524A4329C5CD5600A8F1DE /* Build configuration list for PBXNativeTarget "TabBarUITests" */ = {
			isa = XCConfigurationList;
			buildConfigurations = (
				C3524A4429C5CD5600A8F1DE /* Debug */,
				C3524A4529C5CD5600A8F1DE /* Release */,
			);
			defaultConfigurationIsVisible = 0;
			defaultConfigurationName = Release;
		};
/* End XCConfigurationList section */
	};
	rootObject = C3524A0B29C5CD5400A8F1DE /* Project object */;
}
