// !$*UTF8*$!
{
	archiveVersion = 1;
	classes = {
	};
	objectVersion = 56;
	objects = {

/* Begin PBXBuildFile section */
		C351193829C48959009D0B7D /* ViewControllerB.swift in Sources */ = {isa = PBXBuildFile; fileRef = C351193729C48959009D0B7D /* ViewControllerB.swift */; };
		C351193A29C4896A009D0B7D /* ViewControllerC.swift in Sources */ = {isa = PBXBuildFile; fileRef = C351193929C4896A009D0B7D /* ViewControllerC.swift */; };
		C39E592929C39539006294BF /* AppDelegate.swift in Sources */ = {isa = PBXBuildFile; fileRef = C39E592829C39539006294BF /* AppDelegate.swift */; };
		C39E592B29C39539006294BF /* SceneDelegate.swift in Sources */ = {isa = PBXBuildFile; fileRef = C39E592A29C39539006294BF /* SceneDelegate.swift */; };
		C39E592D29C39539006294BF /* ViewController.swift in Sources */ = {isa = PBXBuildFile; fileRef = C39E592C29C39539006294BF /* ViewController.swift */; };
		C39E593029C39539006294BF /* Main.storyboard in Resources */ = {isa = PBXBuildFile; fileRef = C39E592E29C39539006294BF /* Main.storyboard */; };
		C39E593229C3953A006294BF /* Assets.xcassets in Resources */ = {isa = PBXBuildFile; fileRef = C39E593129C3953A006294BF /* Assets.xcassets */; };
		C39E593529C3953A006294BF /* LaunchScreen.storyboard in Resources */ = {isa = PBXBuildFile; fileRef = C39E593329C3953A006294BF /* LaunchScreen.storyboard */; };
		C39E594029C3953A006294BF /* dataMigrationTests.swift in Sources */ = {isa = PBXBuildFile; fileRef = C39E593F29C3953A006294BF /* dataMigrationTests.swift */; };
		C39E594A29C3953A006294BF /* dataMigrationUITests.swift in Sources */ = {isa = PBXBuildFile; fileRef = C39E594929C3953A006294BF /* dataMigrationUITests.swift */; };
		C39E594C29C3953A006294BF /* dataMigrationUITestsLaunchTests.swift in Sources */ = {isa = PBXBuildFile; fileRef = C39E594B29C3953A006294BF /* dataMigrationUITestsLaunchTests.swift */; };
/* End PBXBuildFile section */

/* Begin PBXContainerItemProxy section */
		C39E593C29C3953A006294BF /* PBXContainerItemProxy */ = {
			isa = PBXContainerItemProxy;
			containerPortal = C39E591D29C39539006294BF /* Project object */;
			proxyType = 1;
			remoteGlobalIDString = C39E592429C39539006294BF;
			remoteInfo = dataMigration;
		};
		C39E594629C3953A006294BF /* PBXContainerItemProxy */ = {
			isa = PBXContainerItemProxy;
			containerPortal = C39E591D29C39539006294BF /* Project object */;
			proxyType = 1;
			remoteGlobalIDString = C39E592429C39539006294BF;
			remoteInfo = dataMigration;
		};
/* End PBXContainerItemProxy section */

/* Begin PBXFileReference section */
		C351193729C48959009D0B7D /* ViewControllerB.swift */ = {isa = PBXFileReference; lastKnownFileType = sourcecode.swift; path = ViewControllerB.swift; sourceTree = "<group>"; };
		C351193929C4896A009D0B7D /* ViewControllerC.swift */ = {isa = PBXFileReference; lastKnownFileType = sourcecode.swift; path = ViewControllerC.swift; sourceTree = "<group>"; };
		C39E592529C39539006294BF /* dataMigration.app */ = {isa = PBXFileReference; explicitFileType = wrapper.application; includeInIndex = 0; path = dataMigration.app; sourceTree = BUILT_PRODUCTS_DIR; };
		C39E592829C39539006294BF /* AppDelegate.swift */ = {isa = PBXFileReference; lastKnownFileType = sourcecode.swift; path = AppDelegate.swift; sourceTree = "<group>"; };
		C39E592A29C39539006294BF /* SceneDelegate.swift */ = {isa = PBXFileReference; lastKnownFileType = sourcecode.swift; path = SceneDelegate.swift; sourceTree = "<group>"; };
		C39E592C29C39539006294BF /* ViewController.swift */ = {isa = PBXFileReference; lastKnownFileType = sourcecode.swift; path = ViewController.swift; sourceTree = "<group>"; };
		C39E592F29C39539006294BF /* Base */ = {isa = PBXFileReference; lastKnownFileType = file.storyboard; name = Base; path = Base.lproj/Main.storyboard; sourceTree = "<group>"; };
		C39E593129C3953A006294BF /* Assets.xcassets */ = {isa = PBXFileReference; lastKnownFileType = folder.assetcatalog; path = Assets.xcassets; sourceTree = "<group>"; };
		C39E593429C3953A006294BF /* Base */ = {isa = PBXFileReference; lastKnownFileType = file.storyboard; name = Base; path = Base.lproj/LaunchScreen.storyboard; sourceTree = "<group>"; };
		C39E593629C3953A006294BF /* Info.plist */ = {isa = PBXFileReference; lastKnownFileType = text.plist.xml; path = Info.plist; sourceTree = "<group>"; };
		C39E593B29C3953A006294BF /* dataMigrationTests.xctest */ = {isa = PBXFileReference; explicitFileType = wrapper.cfbundle; includeInIndex = 0; path = dataMigrationTests.xctest; sourceTree = BUILT_PRODUCTS_DIR; };
		C39E593F29C3953A006294BF /* dataMigrationTests.swift */ = {isa = PBXFileReference; lastKnownFileType = sourcecode.swift; path = dataMigrationTests.swift; sourceTree = "<group>"; };
		C39E594529C3953A006294BF /* dataMigrationUITests.xctest */ = {isa = PBXFileReference; explicitFileType = wrapper.cfbundle; includeInIndex = 0; path = dataMigrationUITests.xctest; sourceTree = BUILT_PRODUCTS_DIR; };
		C39E594929C3953A006294BF /* dataMigrationUITests.swift */ = {isa = PBXFileReference; lastKnownFileType = sourcecode.swift; path = dataMigrationUITests.swift; sourceTree = "<group>"; };
		C39E594B29C3953A006294BF /* dataMigrationUITestsLaunchTests.swift */ = {isa = PBXFileReference; lastKnownFileType = sourcecode.swift; path = dataMigrationUITestsLaunchTests.swift; sourceTree = "<group>"; };
/* End PBXFileReference section */

/* Begin PBXFrameworksBuildPhase section */
		C39E592229C39539006294BF /* Frameworks */ = {
			isa = PBXFrameworksBuildPhase;
			buildActionMask = 2147483647;
			files = (
			);
			runOnlyForDeploymentPostprocessing = 0;
		};
		C39E593829C3953A006294BF /* Frameworks */ = {
			isa = PBXFrameworksBuildPhase;
			buildActionMask = 2147483647;
			files = (
			);
			runOnlyForDeploymentPostprocessing = 0;
		};
		C39E594229C3953A006294BF /* Frameworks */ = {
			isa = PBXFrameworksBuildPhase;
			buildActionMask = 2147483647;
			files = (
			);
			runOnlyForDeploymentPostprocessing = 0;
		};
/* End PBXFrameworksBuildPhase section */

/* Begin PBXGroup section */
		C39E591C29C39538006294BF = {
			isa = PBXGroup;
			children = (
				C39E592729C39539006294BF /* dataMigration */,
				C39E593E29C3953A006294BF /* dataMigrationTests */,
				C39E594829C3953A006294BF /* dataMigrationUITests */,
				C39E592629C39539006294BF /* Products */,
			);
			sourceTree = "<group>";
		};
		C39E592629C39539006294BF /* Products */ = {
			isa = PBXGroup;
			children = (
				C39E592529C39539006294BF /* dataMigration.app */,
				C39E593B29C3953A006294BF /* dataMigrationTests.xctest */,
				C39E594529C3953A006294BF /* dataMigrationUITests.xctest */,
			);
			name = Products;
			sourceTree = "<group>";
		};
		C39E592729C39539006294BF /* dataMigration */ = {
			isa = PBXGroup;
			children = (
				C39E592829C39539006294BF /* AppDelegate.swift */,
				C39E592A29C39539006294BF /* SceneDelegate.swift */,
				C39E592C29C39539006294BF /* ViewController.swift */,
				C39E592E29C39539006294BF /* Main.storyboard */,
				C39E593129C3953A006294BF /* Assets.xcassets */,
				C39E593329C3953A006294BF /* LaunchScreen.storyboard */,
				C39E593629C3953A006294BF /* Info.plist */,
				C351193729C48959009D0B7D /* ViewControllerB.swift */,
				C351193929C4896A009D0B7D /* ViewControllerC.swift */,
			);
			path = dataMigration;
			sourceTree = "<group>";
		};
		C39E593E29C3953A006294BF /* dataMigrationTests */ = {
			isa = PBXGroup;
			children = (
				C39E593F29C3953A006294BF /* dataMigrationTests.swift */,
			);
			path = dataMigrationTests;
			sourceTree = "<group>";
		};
		C39E594829C3953A006294BF /* dataMigrationUITests */ = {
			isa = PBXGroup;
			children = (
				C39E594929C3953A006294BF /* dataMigrationUITests.swift */,
				C39E594B29C3953A006294BF /* dataMigrationUITestsLaunchTests.swift */,
			);
			path = dataMigrationUITests;
			sourceTree = "<group>";
		};
/* End PBXGroup section */

/* Begin PBXNativeTarget section */
		C39E592429C39539006294BF /* dataMigration */ = {
			isa = PBXNativeTarget;
			buildConfigurationList = C39E594F29C3953A006294BF /* Build configuration list for PBXNativeTarget "dataMigration" */;
			buildPhases = (
				C39E592129C39539006294BF /* Sources */,
				C39E592229C39539006294BF /* Frameworks */,
				C39E592329C39539006294BF /* Resources */,
			);
			buildRules = (
			);
			dependencies = (
			);
			name = dataMigration;
			productName = dataMigration;
			productReference = C39E592529C39539006294BF /* dataMigration.app */;
			productType = "com.apple.product-type.application";
		};
		C39E593A29C3953A006294BF /* dataMigrationTests */ = {
			isa = PBXNativeTarget;
			buildConfigurationList = C39E595229C3953A006294BF /* Build configuration list for PBXNativeTarget "dataMigrationTests" */;
			buildPhases = (
				C39E593729C3953A006294BF /* Sources */,
				C39E593829C3953A006294BF /* Frameworks */,
				C39E593929C3953A006294BF /* Resources */,
			);
			buildRules = (
			);
			dependencies = (
				C39E593D29C3953A006294BF /* PBXTargetDependency */,
			);
			name = dataMigrationTests;
			productName = dataMigrationTests;
			productReference = C39E593B29C3953A006294BF /* dataMigrationTests.xctest */;
			productType = "com.apple.product-type.bundle.unit-test";
		};
		C39E594429C3953A006294BF /* dataMigrationUITests */ = {
			isa = PBXNativeTarget;
			buildConfigurationList = C39E595529C3953A006294BF /* Build configuration list for PBXNativeTarget "dataMigrationUITests" */;
			buildPhases = (
				C39E594129C3953A006294BF /* Sources */,
				C39E594229C3953A006294BF /* Frameworks */,
				C39E594329C3953A006294BF /* Resources */,
			);
			buildRules = (
			);
			dependencies = (
				C39E594729C3953A006294BF /* PBXTargetDependency */,
			);
			name = dataMigrationUITests;
			productName = dataMigrationUITests;
			productReference = C39E594529C3953A006294BF /* dataMigrationUITests.xctest */;
			productType = "com.apple.product-type.bundle.ui-testing";
		};
/* End PBXNativeTarget section */

/* Begin PBXProject section */
		C39E591D29C39539006294BF /* Project object */ = {
			isa = PBXProject;
			attributes = {
				BuildIndependentTargetsInParallel = 1;
				LastSwiftUpdateCheck = 1420;
				LastUpgradeCheck = 1420;
				TargetAttributes = {
					C39E592429C39539006294BF = {
						CreatedOnToolsVersion = 14.2;
					};
					C39E593A29C3953A006294BF = {
						CreatedOnToolsVersion = 14.2;
						TestTargetID = C39E592429C39539006294BF;
					};
					C39E594429C3953A006294BF = {
						CreatedOnToolsVersion = 14.2;
						TestTargetID = C39E592429C39539006294BF;
					};
				};
			};
			buildConfigurationList = C39E592029C39539006294BF /* Build configuration list for PBXProject "dataMigration" */;
			compatibilityVersion = "Xcode 14.0";
			developmentRegion = en;
			hasScannedForEncodings = 0;
			knownRegions = (
				en,
				Base,
			);
			mainGroup = C39E591C29C39538006294BF;
			productRefGroup = C39E592629C39539006294BF /* Products */;
			projectDirPath = "";
			projectRoot = "";
			targets = (
				C39E592429C39539006294BF /* dataMigration */,
				C39E593A29C3953A006294BF /* dataMigrationTests */,
				C39E594429C3953A006294BF /* dataMigrationUITests */,
			);
		};
/* End PBXProject section */

/* Begin PBXResourcesBuildPhase section */
		C39E592329C39539006294BF /* Resources */ = {
			isa = PBXResourcesBuildPhase;
			buildActionMask = 2147483647;
			files = (
				C39E593529C3953A006294BF /* LaunchScreen.storyboard in Resources */,
				C39E593229C3953A006294BF /* Assets.xcassets in Resources */,
				C39E593029C39539006294BF /* Main.storyboard in Resources */,
			);
			runOnlyForDeploymentPostprocessing = 0;
		};
		C39E593929C3953A006294BF /* Resources */ = {
			isa = PBXResourcesBuildPhase;
			buildActionMask = 2147483647;
			files = (
			);
			runOnlyForDeploymentPostprocessing = 0;
		};
		C39E594329C3953A006294BF /* Resources */ = {
			isa = PBXResourcesBuildPhase;
			buildActionMask = 2147483647;
			files = (
			);
			runOnlyForDeploymentPostprocessing = 0;
		};
/* End PBXResourcesBuildPhase section */

/* Begin PBXSourcesBuildPhase section */
		C39E592129C39539006294BF /* Sources */ = {
			isa = PBXSourcesBuildPhase;
			buildActionMask = 2147483647;
			files = (
				C39E592D29C39539006294BF /* ViewController.swift in Sources */,
				C351193829C48959009D0B7D /* ViewControllerB.swift in Sources */,
				C351193A29C4896A009D0B7D /* ViewControllerC.swift in Sources */,
				C39E592929C39539006294BF /* AppDelegate.swift in Sources */,
				C39E592B29C39539006294BF /* SceneDelegate.swift in Sources */,
			);
			runOnlyForDeploymentPostprocessing = 0;
		};
		C39E593729C3953A006294BF /* Sources */ = {
			isa = PBXSourcesBuildPhase;
			buildActionMask = 2147483647;
			files = (
				C39E594029C3953A006294BF /* dataMigrationTests.swift in Sources */,
			);
			runOnlyForDeploymentPostprocessing = 0;
		};
		C39E594129C3953A006294BF /* Sources */ = {
			isa = PBXSourcesBuildPhase;
			buildActionMask = 2147483647;
			files = (
				C39E594A29C3953A006294BF /* dataMigrationUITests.swift in Sources */,
				C39E594C29C3953A006294BF /* dataMigrationUITestsLaunchTests.swift in Sources */,
			);
			runOnlyForDeploymentPostprocessing = 0;
		};
/* End PBXSourcesBuildPhase section */

/* Begin PBXTargetDependency section */
		C39E593D29C3953A006294BF /* PBXTargetDependency */ = {
			isa = PBXTargetDependency;
			target = C39E592429C39539006294BF /* dataMigration */;
			targetProxy = C39E593C29C3953A006294BF /* PBXContainerItemProxy */;
		};
		C39E594729C3953A006294BF /* PBXTargetDependency */ = {
			isa = PBXTargetDependency;
			target = C39E592429C39539006294BF /* dataMigration */;
			targetProxy = C39E594629C3953A006294BF /* PBXContainerItemProxy */;
		};
/* End PBXTargetDependency section */

/* Begin PBXVariantGroup section */
		C39E592E29C39539006294BF /* Main.storyboard */ = {
			isa = PBXVariantGroup;
			children = (
				C39E592F29C39539006294BF /* Base */,
			);
			name = Main.storyboard;
			sourceTree = "<group>";
		};
		C39E593329C3953A006294BF /* LaunchScreen.storyboard */ = {
			isa = PBXVariantGroup;
			children = (
				C39E593429C3953A006294BF /* Base */,
			);
			name = LaunchScreen.storyboard;
			sourceTree = "<group>";
		};
/* End PBXVariantGroup section */

/* Begin XCBuildConfiguration section */
		C39E594D29C3953A006294BF /* Debug */ = {
			isa = XCBuildConfiguration;
			buildSettings = {
				ALWAYS_SEARCH_USER_PATHS = NO;
				CLANG_ANALYZER_NONNULL = YES;
				CLANG_ANALYZER_NUMBER_OBJECT_CONVERSION = YES_AGGRESSIVE;
				CLANG_CXX_LANGUAGE_STANDARD = "gnu++20";
				CLANG_ENABLE_MODULES = YES;
				CLANG_ENABLE_OBJC_ARC = YES;
				CLANG_ENABLE_OBJC_WEAK = YES;
				CLANG_WARN_BLOCK_CAPTURE_AUTORELEASING = YES;
				CLANG_WARN_BOOL_CONVERSION = YES;
				CLANG_WARN_COMMA = YES;
				CLANG_WARN_CONSTANT_CONVERSION = YES;
				CLANG_WARN_DEPRECATED_OBJC_IMPLEMENTATIONS = YES;
				CLANG_WARN_DIRECT_OBJC_ISA_USAGE = YES_ERROR;
				CLANG_WARN_DOCUMENTATION_COMMENTS = YES;
				CLANG_WARN_EMPTY_BODY = YES;
				CLANG_WARN_ENUM_CONVERSION = YES;
				CLANG_WARN_INFINITE_RECURSION = YES;
				CLANG_WARN_INT_CONVERSION = YES;
				CLANG_WARN_NON_LITERAL_NULL_CONVERSION = YES;
				CLANG_WARN_OBJC_IMPLICIT_RETAIN_SELF = YES;
				CLANG_WARN_OBJC_LITERAL_CONVERSION = YES;
				CLANG_WARN_OBJC_ROOT_CLASS = YES_ERROR;
				CLANG_WARN_QUOTED_INCLUDE_IN_FRAMEWORK_HEADER = YES;
				CLANG_WARN_RANGE_LOOP_ANALYSIS = YES;
				CLANG_WARN_STRICT_PROTOTYPES = YES;
				CLANG_WARN_SUSPICIOUS_MOVE = YES;
				CLANG_WARN_UNGUARDED_AVAILABILITY = YES_AGGRESSIVE;
				CLANG_WARN_UNREACHABLE_CODE = YES;
				CLANG_WARN__DUPLICATE_METHOD_MATCH = YES;
				COPY_PHASE_STRIP = NO;
				DEBUG_INFORMATION_FORMAT = dwarf;
				ENABLE_STRICT_OBJC_MSGSEND = YES;
				ENABLE_TESTABILITY = YES;
				GCC_C_LANGUAGE_STANDARD = gnu11;
				GCC_DYNAMIC_NO_PIC = NO;
				GCC_NO_COMMON_BLOCKS = YES;
				GCC_OPTIMIZATION_LEVEL = 0;
				GCC_PREPROCESSOR_DEFINITIONS = (
					"DEBUG=1",
					"$(inherited)",
				);
				GCC_WARN_64_TO_32_BIT_CONVERSION = YES;
				GCC_WARN_ABOUT_RETURN_TYPE = YES_ERROR;
				GCC_WARN_UNDECLARED_SELECTOR = YES;
				GCC_WARN_UNINITIALIZED_AUTOS = YES_AGGRESSIVE;
				GCC_WARN_UNUSED_FUNCTION = YES;
				GCC_WARN_UNUSED_VARIABLE = YES;
				IPHONEOS_DEPLOYMENT_TARGET = 16.2;
				MTL_ENABLE_DEBUG_INFO = INCLUDE_SOURCE;
				MTL_FAST_MATH = YES;
				ONLY_ACTIVE_ARCH = YES;
				SDKROOT = iphoneos;
				SWIFT_ACTIVE_COMPILATION_CONDITIONS = DEBUG;
				SWIFT_OPTIMIZATION_LEVEL = "-Onone";
			};
			name = Debug;
		};
		C39E594E29C3953A006294BF /* Release */ = {
			isa = XCBuildConfiguration;
			buildSettings = {
				ALWAYS_SEARCH_USER_PATHS = NO;
				CLANG_ANALYZER_NONNULL = YES;
				CLANG_ANALYZER_NUMBER_OBJECT_CONVERSION = YES_AGGRESSIVE;
				CLANG_CXX_LANGUAGE_STANDARD = "gnu++20";
				CLANG_ENABLE_MODULES = YES;
				CLANG_ENABLE_OBJC_ARC = YES;
				CLANG_ENABLE_OBJC_WEAK = YES;
				CLANG_WARN_BLOCK_CAPTURE_AUTORELEASING = YES;
				CLANG_WARN_BOOL_CONVERSION = YES;
				CLANG_WARN_COMMA = YES;
				CLANG_WARN_CONSTANT_CONVERSION = YES;
				CLANG_WARN_DEPRECATED_OBJC_IMPLEMENTATIONS = YES;
				CLANG_WARN_DIRECT_OBJC_ISA_USAGE = YES_ERROR;
				CLANG_WARN_DOCUMENTATION_COMMENTS = YES;
				CLANG_WARN_EMPTY_BODY = YES;
				CLANG_WARN_ENUM_CONVERSION = YES;
				CLANG_WARN_INFINITE_RECURSION = YES;
				CLANG_WARN_INT_CONVERSION = YES;
				CLANG_WARN_NON_LITERAL_NULL_CONVERSION = YES;
				CLANG_WARN_OBJC_IMPLICIT_RETAIN_SELF = YES;
				CLANG_WARN_OBJC_LITERAL_CONVERSION = YES;
				CLANG_WARN_OBJC_ROOT_CLASS = YES_ERROR;
				CLANG_WARN_QUOTED_INCLUDE_IN_FRAMEWORK_HEADER = YES;
				CLANG_WARN_RANGE_LOOP_ANALYSIS = YES;
				CLANG_WARN_STRICT_PROTOTYPES = YES;
				CLANG_WARN_SUSPICIOUS_MOVE = YES;
				CLANG_WARN_UNGUARDED_AVAILABILITY = YES_AGGRESSIVE;
				CLANG_WARN_UNREACHABLE_CODE = YES;
				CLANG_WARN__DUPLICATE_METHOD_MATCH = YES;
				COPY_PHASE_STRIP = NO;
				DEBUG_INFORMATION_FORMAT = "dwarf-with-dsym";
				ENABLE_NS_ASSERTIONS = NO;
				ENABLE_STRICT_OBJC_MSGSEND = YES;
				GCC_C_LANGUAGE_STANDARD = gnu11;
				GCC_NO_COMMON_BLOCKS = YES;
				GCC_WARN_64_TO_32_BIT_CONVERSION = YES;
				GCC_WARN_ABOUT_RETURN_TYPE = YES_ERROR;
				GCC_WARN_UNDECLARED_SELECTOR = YES;
				GCC_WARN_UNINITIALIZED_AUTOS = YES_AGGRESSIVE;
				GCC_WARN_UNUSED_FUNCTION = YES;
				GCC_WARN_UNUSED_VARIABLE = YES;
				IPHONEOS_DEPLOYMENT_TARGET = 16.2;
				MTL_ENABLE_DEBUG_INFO = NO;
				MTL_FAST_MATH = YES;
				SDKROOT = iphoneos;
				SWIFT_COMPILATION_MODE = wholemodule;
				SWIFT_OPTIMIZATION_LEVEL = "-O";
				VALIDATE_PRODUCT = YES;
			};
			name = Release;
		};
		C39E595029C3953A006294BF /* Debug */ = {
			isa = XCBuildConfiguration;
			buildSettings = {
				ASSETCATALOG_COMPILER_APPICON_NAME = AppIcon;
				ASSETCATALOG_COMPILER_GLOBAL_ACCENT_COLOR_NAME = AccentColor;
				CODE_SIGN_STYLE = Automatic;
				CURRENT_PROJECT_VERSION = 1;
				DEVELOPMENT_TEAM = ABBGB3BP6H;
				GENERATE_INFOPLIST_FILE = YES;
				INFOPLIST_FILE = dataMigration/Info.plist;
				INFOPLIST_KEY_UIApplicationSupportsIndirectInputEvents = YES;
				INFOPLIST_KEY_UILaunchStoryboardName = LaunchScreen;
				INFOPLIST_KEY_UIMainStoryboardFile = Main;
				INFOPLIST_KEY_UISupportedInterfaceOrientations_iPad = "UIInterfaceOrientationPortrait UIInterfaceOrientationPortraitUpsideDown UIInterfaceOrientationLandscapeLeft UIInterfaceOrientationLandscapeRight";
				INFOPLIST_KEY_UISupportedInterfaceOrientations_iPhone = "UIInterfaceOrientationPortrait UIInterfaceOrientationLandscapeLeft UIInterfaceOrientationLandscapeRight";
				LD_RUNPATH_SEARCH_PATHS = (
					"$(inherited)",
					"@executable_path/Frameworks",
				);
				MARKETING_VERSION = 1.0;
				PRODUCT_BUNDLE_IDENTIFIER = swift.dataMigration;
				PRODUCT_NAME = "$(TARGET_NAME)";
				SWIFT_EMIT_LOC_STRINGS = YES;
				SWIFT_VERSION = 5.0;
				TARGETED_DEVICE_FAMILY = "1,2";
			};
			name = Debug;
		};
		C39E595129C3953A006294BF /* Release */ = {
			isa = XCBuildConfiguration;
			buildSettings = {
				ASSETCATALOG_COMPILER_APPICON_NAME = AppIcon;
				ASSETCATALOG_COMPILER_GLOBAL_ACCENT_COLOR_NAME = AccentColor;
				CODE_SIGN_STYLE = Automatic;
				CURRENT_PROJECT_VERSION = 1;
				DEVELOPMENT_TEAM = ABBGB3BP6H;
				GENERATE_INFOPLIST_FILE = YES;
				INFOPLIST_FILE = dataMigration/Info.plist;
				INFOPLIST_KEY_UIApplicationSupportsIndirectInputEvents = YES;
				INFOPLIST_KEY_UILaunchStoryboardName = LaunchScreen;
				INFOPLIST_KEY_UIMainStoryboardFile = Main;
				INFOPLIST_KEY_UISupportedInterfaceOrientations_iPad = "UIInterfaceOrientationPortrait UIInterfaceOrientationPortraitUpsideDown UIInterfaceOrientationLandscapeLeft UIInterfaceOrientationLandscapeRight";
				INFOPLIST_KEY_UISupportedInterfaceOrientations_iPhone = "UIInterfaceOrientationPortrait UIInterfaceOrientationLandscapeLeft UIInterfaceOrientationLandscapeRight";
				LD_RUNPATH_SEARCH_PATHS = (
					"$(inherited)",
					"@executable_path/Frameworks",
				);
				MARKETING_VERSION = 1.0;
				PRODUCT_BUNDLE_IDENTIFIER = swift.dataMigration;
				PRODUCT_NAME = "$(TARGET_NAME)";
				SWIFT_EMIT_LOC_STRINGS = YES;
				SWIFT_VERSION = 5.0;
				TARGETED_DEVICE_FAMILY = "1,2";
			};
			name = Release;
		};
		C39E595329C3953A006294BF /* Debug */ = {
			isa = XCBuildConfiguration;
			buildSettings = {
				ALWAYS_EMBED_SWIFT_STANDARD_LIBRARIES = YES;
				BUNDLE_LOADER = "$(TEST_HOST)";
				CODE_SIGN_STYLE = Automatic;
				CURRENT_PROJECT_VERSION = 1;
				DEVELOPMENT_TEAM = ABBGB3BP6H;
				GENERATE_INFOPLIST_FILE = YES;
				IPHONEOS_DEPLOYMENT_TARGET = 16.2;
				MARKETING_VERSION = 1.0;
				PRODUCT_BUNDLE_IDENTIFIER = swift.dataMigrationTests;
				PRODUCT_NAME = "$(TARGET_NAME)";
				SWIFT_EMIT_LOC_STRINGS = NO;
				SWIFT_VERSION = 5.0;
				TARGETED_DEVICE_FAMILY = "1,2";
				TEST_HOST = "$(BUILT_PRODUCTS_DIR)/dataMigration.app/$(BUNDLE_EXECUTABLE_FOLDER_PATH)/dataMigration";
			};
			name = Debug;
		};
		C39E595429C3953A006294BF /* Release */ = {
			isa = XCBuildConfiguration;
			buildSettings = {
				ALWAYS_EMBED_SWIFT_STANDARD_LIBRARIES = YES;
				BUNDLE_LOADER = "$(TEST_HOST)";
				CODE_SIGN_STYLE = Automatic;
				CURRENT_PROJECT_VERSION = 1;
				DEVELOPMENT_TEAM = ABBGB3BP6H;
				GENERATE_INFOPLIST_FILE = YES;
				IPHONEOS_DEPLOYMENT_TARGET = 16.2;
				MARKETING_VERSION = 1.0;
				PRODUCT_BUNDLE_IDENTIFIER = swift.dataMigrationTests;
				PRODUCT_NAME = "$(TARGET_NAME)";
				SWIFT_EMIT_LOC_STRINGS = NO;
				SWIFT_VERSION = 5.0;
				TARGETED_DEVICE_FAMILY = "1,2";
				TEST_HOST = "$(BUILT_PRODUCTS_DIR)/dataMigration.app/$(BUNDLE_EXECUTABLE_FOLDER_PATH)/dataMigration";
			};
			name = Release;
		};
		C39E595629C3953A006294BF /* Debug */ = {
			isa = XCBuildConfiguration;
			buildSettings = {
				ALWAYS_EMBED_SWIFT_STANDARD_LIBRARIES = YES;
				CODE_SIGN_STYLE = Automatic;
				CURRENT_PROJECT_VERSION = 1;
				DEVELOPMENT_TEAM = ABBGB3BP6H;
				GENERATE_INFOPLIST_FILE = YES;
				MARKETING_VERSION = 1.0;
				PRODUCT_BUNDLE_IDENTIFIER = swift.dataMigrationUITests;
				PRODUCT_NAME = "$(TARGET_NAME)";
				SWIFT_EMIT_LOC_STRINGS = NO;
				SWIFT_VERSION = 5.0;
				TARGETED_DEVICE_FAMILY = "1,2";
				TEST_TARGET_NAME = dataMigration;
			};
			name = Debug;
		};
		C39E595729C3953A006294BF /* Release */ = {
			isa = XCBuildConfiguration;
			buildSettings = {
				ALWAYS_EMBED_SWIFT_STANDARD_LIBRARIES = YES;
				CODE_SIGN_STYLE = Automatic;
				CURRENT_PROJECT_VERSION = 1;
				DEVELOPMENT_TEAM = ABBGB3BP6H;
				GENERATE_INFOPLIST_FILE = YES;
				MARKETING_VERSION = 1.0;
				PRODUCT_BUNDLE_IDENTIFIER = swift.dataMigrationUITests;
				PRODUCT_NAME = "$(TARGET_NAME)";
				SWIFT_EMIT_LOC_STRINGS = NO;
				SWIFT_VERSION = 5.0;
				TARGETED_DEVICE_FAMILY = "1,2";
				TEST_TARGET_NAME = dataMigration;
			};
			name = Release;
		};
/* End XCBuildConfiguration section */

/* Begin XCConfigurationList section */
		C39E592029C39539006294BF /* Build configuration list for PBXProject "dataMigration" */ = {
			isa = XCConfigurationList;
			buildConfigurations = (
				C39E594D29C3953A006294BF /* Debug */,
				C39E594E29C3953A006294BF /* Release */,
			);
			defaultConfigurationIsVisible = 0;
			defaultConfigurationName = Release;
		};
		C39E594F29C3953A006294BF /* Build configuration list for PBXNativeTarget "dataMigration" */ = {
			isa = XCConfigurationList;
			buildConfigurations = (
				C39E595029C3953A006294BF /* Debug */,
				C39E595129C3953A006294BF /* Release */,
			);
			defaultConfigurationIsVisible = 0;
			defaultConfigurationName = Release;
		};
		C39E595229C3953A006294BF /* Build configuration list for PBXNativeTarget "dataMigrationTests" */ = {
			isa = XCConfigurationList;
			buildConfigurations = (
				C39E595329C3953A006294BF /* Debug */,
				C39E595429C3953A006294BF /* Release */,
			);
			defaultConfigurationIsVisible = 0;
			defaultConfigurationName = Release;
		};
		C39E595529C3953A006294BF /* Build configuration list for PBXNativeTarget "dataMigrationUITests" */ = {
			isa = XCConfigurationList;
			buildConfigurations = (
				C39E595629C3953A006294BF /* Debug */,
				C39E595729C3953A006294BF /* Release */,
			);
			defaultConfigurationIsVisible = 0;
			defaultConfigurationName = Release;
		};
/* End XCConfigurationList section */
	};
	rootObject = C39E591D29C39539006294BF /* Project object */;
}
